// !$*UTF8*$!
{
	archiveVersion = 1;
	classes = {
	};
	objectVersion = 46;
	objects = {

/* Begin PBXBuildFile section */
		49730E4B1E2929BC0029438C /* EventCell.swift in Sources */ = {isa = PBXBuildFile; fileRef = 49730E4A1E2929BC0029438C /* EventCell.swift */; };
		49730E4E1E2D1AB50029438C /* Theme.swift in Sources */ = {isa = PBXBuildFile; fileRef = 49730E4D1E2D1AB50029438C /* Theme.swift */; };
		49730E501E2D1E330029438C /* DateFormatterUtility.swift in Sources */ = {isa = PBXBuildFile; fileRef = 49730E4F1E2D1E330029438C /* DateFormatterUtility.swift */; };
		5D02761620FC0F0600E5ED6A /* HTFilterViewController.swift in Sources */ = {isa = PBXBuildFile; fileRef = 5D02761520FC0F0600E5ED6A /* HTFilterViewController.swift */; };
		5D027620210160F400E5ED6A /* HTNewsTableViewController.swift in Sources */ = {isa = PBXBuildFile; fileRef = 5D02761F210160F400E5ED6A /* HTNewsTableViewController.swift */; };
		5D02762821078B8600E5ED6A /* Crashlytics.framework in Frameworks */ = {isa = PBXBuildFile; fileRef = 5D02762621078B8500E5ED6A /* Crashlytics.framework */; };
		5D02762921078B8600E5ED6A /* Fabric.framework in Frameworks */ = {isa = PBXBuildFile; fileRef = 5D02762721078B8600E5ED6A /* Fabric.framework */; };
		5D02762B210B826400E5ED6A /* HTVendorTableViewController.swift in Sources */ = {isa = PBXBuildFile; fileRef = 5D02762A210B826400E5ED6A /* HTVendorTableViewController.swift */; };
		5D34252C1AE20F8D003562AE /* HTEventDetailViewController.swift in Sources */ = {isa = PBXBuildFile; fileRef = 5D34252B1AE20F8D003562AE /* HTEventDetailViewController.swift */; };
		5D34252E1AE2B45E003562AE /* HTMyScheduleTableViewController.swift in Sources */ = {isa = PBXBuildFile; fileRef = 5D34252D1AE2B45E003562AE /* HTMyScheduleTableViewController.swift */; };
		5D47A2B220EEB7DD0015401B /* ht2018.xcdatamodeld in Sources */ = {isa = PBXBuildFile; fileRef = 5D47A2B020EEB7DD0015401B /* ht2018.xcdatamodeld */; };
		5D6707EB21161C6F0007F01F /* HTWiFiViewController.swift in Sources */ = {isa = PBXBuildFile; fileRef = 5D6707EA21161C6F0007F01F /* HTWiFiViewController.swift */; };
		5D6707F6211787E10007F01F /* AboutCell.swift in Sources */ = {isa = PBXBuildFile; fileRef = 5D6707F4211787E10007F01F /* AboutCell.swift */; };
		5D6707F7211787E10007F01F /* AboutCell.xib in Resources */ = {isa = PBXBuildFile; fileRef = 5D6707F5211787E10007F01F /* AboutCell.xib */; };
		5D6707FB2118A3980007F01F /* HTSpeakersTableViewController.swift in Sources */ = {isa = PBXBuildFile; fileRef = 5D6707FA2118A3980007F01F /* HTSpeakersTableViewController.swift */; };
		5D6707FD2119059E0007F01F /* HTSpeakerViewController.swift in Sources */ = {isa = PBXBuildFile; fileRef = 5D6707FC2119059E0007F01F /* HTSpeakerViewController.swift */; };
		5D67EBFC20E1CD30004E5D19 /* Bungee-Regular.ttf in Resources */ = {isa = PBXBuildFile; fileRef = 5D67EBFB20E1CD2F004E5D19 /* Bungee-Regular.ttf */; };
		5D67EBFF20E1CFE6004E5D19 /* Larsseit.ttf in Resources */ = {isa = PBXBuildFile; fileRef = 5D67EBFD20E1CFE6004E5D19 /* Larsseit.ttf */; };
		5D67EC0020E1CFE6004E5D19 /* Larsseit-Bold.ttf in Resources */ = {isa = PBXBuildFile; fileRef = 5D67EBFE20E1CFE6004E5D19 /* Larsseit-Bold.ttf */; };
		5DA07C271ADF56EA00611BE8 /* HTScheduleTableViewController.swift in Sources */ = {isa = PBXBuildFile; fileRef = 5DA07C261ADF56EA00611BE8 /* HTScheduleTableViewController.swift */; };
		5DA268541D06006400249C63 /* LaunchScreen.storyboard in Resources */ = {isa = PBXBuildFile; fileRef = 5DA268531D06006400249C63 /* LaunchScreen.storyboard */; };
		5DCBAB9A22AAFAF1003457C1 /* GoogleService-Info.plist in Resources */ = {isa = PBXBuildFile; fileRef = 5DCBAB9922AAFAF1003457C1 /* GoogleService-Info.plist */; };
		5DD6425F1AC3C62300ED3256 /* AppDelegate.swift in Sources */ = {isa = PBXBuildFile; fileRef = 5DD6425E1AC3C62300ED3256 /* AppDelegate.swift */; };
		5DD642671AC3C62300ED3256 /* Main.storyboard in Resources */ = {isa = PBXBuildFile; fileRef = 5DD642651AC3C62300ED3256 /* Main.storyboard */; };
		5DD642691AC3C62300ED3256 /* Images.xcassets in Resources */ = {isa = PBXBuildFile; fileRef = 5DD642681AC3C62300ED3256 /* Images.xcassets */; };
		5DD642781AC3C62300ED3256 /* hackertrackerTests.swift in Sources */ = {isa = PBXBuildFile; fileRef = 5DD642771AC3C62300ED3256 /* hackertrackerTests.swift */; };
		5DDD629720F2A73800E527C5 /* HTConferenceTableViewController.swift in Sources */ = {isa = PBXBuildFile; fileRef = 5DDD629620F2A73800E527C5 /* HTConferenceTableViewController.swift */; };
		5DDD629D20F3F6C300E527C5 /* ConferenceCell.swift in Sources */ = {isa = PBXBuildFile; fileRef = 5DDD629C20F3F6C300E527C5 /* ConferenceCell.swift */; };
		5DDD629F20F7A96200E527C5 /* HTFAQTableViewController.swift in Sources */ = {isa = PBXBuildFile; fileRef = 5DDD629E20F7A96200E527C5 /* HTFAQTableViewController.swift */; };
		5DE7B40A1ACA454C00F8A655 /* HTInitViewController.swift in Sources */ = {isa = PBXBuildFile; fileRef = 5DE7B4091ACA454C00F8A655 /* HTInitViewController.swift */; };
		5DE7B40C1ACA485D00F8A655 /* HTUpdatesViewController.swift in Sources */ = {isa = PBXBuildFile; fileRef = 5DE7B40B1ACA485D00F8A655 /* HTUpdatesViewController.swift */; };
		5DE7B40E1ACA4FFE00F8A655 /* HTHomeTabBarController.swift in Sources */ = {isa = PBXBuildFile; fileRef = 5DE7B40D1ACA4FFE00F8A655 /* HTHomeTabBarController.swift */; };
		5DE9038B1B01B32E00A2D565 /* HTMapsViewController.swift in Sources */ = {isa = PBXBuildFile; fileRef = 5DE9038A1B01B32E00A2D565 /* HTMapsViewController.swift */; };
		5DFB87BF1B30BBF10083604C /* Connections.plist in Resources */ = {isa = PBXBuildFile; fileRef = 5DFB87BE1B30BBF10083604C /* Connections.plist */; };
		60A6D390A580651F9617539B /* Pods_hackertracker.framework in Frameworks */ = {isa = PBXBuildFile; fileRef = 7DAA20A085F20D1BE409030D /* Pods_hackertracker.framework */; };
		7820245D1F05B7CE0092ED07 /* cert.der in Resources */ = {isa = PBXBuildFile; fileRef = 7820245C1F05B7CE0092ED07 /* cert.der */; };
		7820245F1F05FA490092ED07 /* HTSearchTableViewController.swift in Sources */ = {isa = PBXBuildFile; fileRef = 7820245E1F05FA490092ED07 /* HTSearchTableViewController.swift */; };
		786FBC321EBD1127004F7A5F /* HTEventsNavViewController.swift in Sources */ = {isa = PBXBuildFile; fileRef = 786FBC311EBD1127004F7A5F /* HTEventsNavViewController.swift */; };
		78C72FAB1F1869F100AFC0B6 /* Furore.otf in Resources */ = {isa = PBXBuildFile; fileRef = 78C72FAA1F1869F100AFC0B6 /* Furore.otf */; };
		78F5F5371EEE35DD00560B81 /* ScheduleHelper.swift in Sources */ = {isa = PBXBuildFile; fileRef = 78F5F5361EEE35DD00560B81 /* ScheduleHelper.swift */; };
		8315ED1B1F18222E001F2DA8 /* ScheduleEmptyStateView.swift in Sources */ = {isa = PBXBuildFile; fileRef = 8315ED1A1F18222E001F2DA8 /* ScheduleEmptyStateView.swift */; };
		8315ED1D1F1822AF001F2DA8 /* ScheduleEmptyStateView.xib in Resources */ = {isa = PBXBuildFile; fileRef = 8315ED1C1F1822AF001F2DA8 /* ScheduleEmptyStateView.xib */; };
		8315ED1F1F18F0C2001F2DA8 /* EventCell.xib in Resources */ = {isa = PBXBuildFile; fileRef = 8315ED1E1F18F0C2001F2DA8 /* EventCell.xib */; };
		8345F2D31F1297D4006761BE /* MapLocationView.swift in Sources */ = {isa = PBXBuildFile; fileRef = 8345F2D21F1297D4006761BE /* MapLocationView.swift */; };
		8345F2D61F15BDA3006761BE /* DataImportManager.swift in Sources */ = {isa = PBXBuildFile; fileRef = 8345F2D51F15BDA3006761BE /* DataImportManager.swift */; };
		834713D41F17113C0092C2FE /* DataRequestManager.swift in Sources */ = {isa = PBXBuildFile; fileRef = 834713D31F17113C0092C2FE /* DataRequestManager.swift */; };
		834713D61F1818240092C2FE /* EventDateHeaderView.swift in Sources */ = {isa = PBXBuildFile; fileRef = 834713D51F1818240092C2FE /* EventDateHeaderView.swift */; };
		83679CE4210CED71000CADE4 /* HTHamburgerMenuViewController.swift in Sources */ = {isa = PBXBuildFile; fileRef = 83679CE3210CED71000CADE4 /* HTHamburgerMenuViewController.swift */; };
		83679CE7210CF5F7000CADE4 /* HTHamburgerMenuTableViewController.swift in Sources */ = {isa = PBXBuildFile; fileRef = 83679CE6210CF5F7000CADE4 /* HTHamburgerMenuTableViewController.swift */; };
		83679CEA210CFB9A000CADE4 /* HTHamburgerHeaderTableViewCell.swift in Sources */ = {isa = PBXBuildFile; fileRef = 83679CE8210CFB9A000CADE4 /* HTHamburgerHeaderTableViewCell.swift */; };
		83679CEB210CFB9A000CADE4 /* HTHamburgerHeaderTableViewCell.xib in Resources */ = {isa = PBXBuildFile; fileRef = 83679CE9210CFB9A000CADE4 /* HTHamburgerHeaderTableViewCell.xib */; };
		83679CEE210CFD24000CADE4 /* HTHamburgerItemTableViewCell.swift in Sources */ = {isa = PBXBuildFile; fileRef = 83679CEC210CFD24000CADE4 /* HTHamburgerItemTableViewCell.swift */; };
		83679CEF210CFD24000CADE4 /* HTHamburgerItemTableViewCell.xib in Resources */ = {isa = PBXBuildFile; fileRef = 83679CED210CFD24000CADE4 /* HTHamburgerItemTableViewCell.xib */; };
		83B0F8421F19A673006493A6 /* SafariServices.framework in Frameworks */ = {isa = PBXBuildFile; fileRef = 83B0F8411F19A673006493A6 /* SafariServices.framework */; };
		83B0F84E1F19BA07006493A6 /* CGPDFDocument.m in Sources */ = {isa = PBXBuildFile; fileRef = 83B0F8451F19BA07006493A6 /* CGPDFDocument.m */; };
		83B0F84F1F19BA07006493A6 /* ReaderConstants.m in Sources */ = {isa = PBXBuildFile; fileRef = 83B0F8471F19BA07006493A6 /* ReaderConstants.m */; };
		83B0F8501F19BA07006493A6 /* ReaderContentPage.m in Sources */ = {isa = PBXBuildFile; fileRef = 83B0F8491F19BA07006493A6 /* ReaderContentPage.m */; };
		83B0F8511F19BA07006493A6 /* ReaderContentTile.m in Sources */ = {isa = PBXBuildFile; fileRef = 83B0F84B1F19BA07006493A6 /* ReaderContentTile.m */; };
		83B0F8521F19BA07006493A6 /* ReaderContentView.m in Sources */ = {isa = PBXBuildFile; fileRef = 83B0F84D1F19BA07006493A6 /* ReaderContentView.m */; };
		83B0F8541F19BA1B006493A6 /* QuartzCore.framework in Frameworks */ = {isa = PBXBuildFile; fileRef = 83B0F8531F19BA1B006493A6 /* QuartzCore.framework */; };
		83B0F85D1F1A7490006493A6 /* ReaderThumbView.m in Sources */ = {isa = PBXBuildFile; fileRef = 83B0F85C1F1A7490006493A6 /* ReaderThumbView.m */; };
		83B0F85F1F1A74E4006493A6 /* LICENSE.md in Sources */ = {isa = PBXBuildFile; fileRef = 83B0F85E1F1A74E4006493A6 /* LICENSE.md */; };
		83E74C3B1ED7AB580078E5FB /* UpdateCell.swift in Sources */ = {isa = PBXBuildFile; fileRef = 83E74C391ED7AB580078E5FB /* UpdateCell.swift */; };
		83E74C3C1ED7AB580078E5FB /* UpdateCell.xib in Resources */ = {isa = PBXBuildFile; fileRef = 83E74C3A1ED7AB580078E5FB /* UpdateCell.xib */; };
		B5449CAF1F1ADE97003DE448 /* HTEmptyDetailViewController.swift in Sources */ = {isa = PBXBuildFile; fileRef = B5449CAE1F1ADE97003DE448 /* HTEmptyDetailViewController.swift */; };
		B5449CB11F1AE23C003DE448 /* HTSplitViewController.swift in Sources */ = {isa = PBXBuildFile; fileRef = B5449CB01F1AE23C003DE448 /* HTSplitViewController.swift */; };
		B552AC8A1F2084D4006D4F98 /* PongScene.swift in Sources */ = {isa = PBXBuildFile; fileRef = B552AC891F2084D4006D4F98 /* PongScene.swift */; };
		B552AC8B1F2084ED006D4F98 /* SpriteKit.framework in Frameworks */ = {isa = PBXBuildFile; fileRef = B568B64A1F1F3A740092CE4A /* SpriteKit.framework */; };
		B552ACAA1F243F6C006D4F98 /* scene.sks in Resources */ = {isa = PBXBuildFile; fileRef = B568B6641F1F3FAB0092CE4A /* scene.sks */; };
		B5A9F7531F17307800EDC6FE /* Animation.swift in Sources */ = {isa = PBXBuildFile; fileRef = B5A9F7521F17307800EDC6FE /* Animation.swift */; };
		E90004504F2D025BE8F5E963 /* Pods_hackertrackerTests.framework in Frameworks */ = {isa = PBXBuildFile; fileRef = 8B924A8880B54182A6446BF1 /* Pods_hackertrackerTests.framework */; };
/* End PBXBuildFile section */

/* Begin PBXContainerItemProxy section */
		5DD642721AC3C62300ED3256 /* PBXContainerItemProxy */ = {
			isa = PBXContainerItemProxy;
			containerPortal = 5DD642511AC3C62300ED3256 /* Project object */;
			proxyType = 1;
			remoteGlobalIDString = 5DD642581AC3C62300ED3256;
			remoteInfo = hackertracker;
		};
/* End PBXContainerItemProxy section */

/* Begin PBXCopyFilesBuildPhase section */
		5D53FCD71B02A09A006653B1 /* Embed App Extensions */ = {
			isa = PBXCopyFilesBuildPhase;
			buildActionMask = 2147483647;
			dstPath = "";
			dstSubfolderSpec = 13;
			files = (
			);
			name = "Embed App Extensions";
			runOnlyForDeploymentPostprocessing = 0;
		};
/* End PBXCopyFilesBuildPhase section */

/* Begin PBXFileReference section */
		49730E4A1E2929BC0029438C /* EventCell.swift */ = {isa = PBXFileReference; fileEncoding = 4; lastKnownFileType = sourcecode.swift; path = EventCell.swift; sourceTree = "<group>"; };
		49730E4D1E2D1AB50029438C /* Theme.swift */ = {isa = PBXFileReference; fileEncoding = 4; lastKnownFileType = sourcecode.swift; path = Theme.swift; sourceTree = "<group>"; };
		49730E4F1E2D1E330029438C /* DateFormatterUtility.swift */ = {isa = PBXFileReference; fileEncoding = 4; lastKnownFileType = sourcecode.swift; path = DateFormatterUtility.swift; sourceTree = "<group>"; };
		4A297DEF49BFDC47D04261A0 /* Pods-hackertrackerTests.release.xcconfig */ = {isa = PBXFileReference; includeInIndex = 1; lastKnownFileType = text.xcconfig; name = "Pods-hackertrackerTests.release.xcconfig"; path = "Pods/Target Support Files/Pods-hackertrackerTests/Pods-hackertrackerTests.release.xcconfig"; sourceTree = "<group>"; };
		5D02761520FC0F0600E5ED6A /* HTFilterViewController.swift */ = {isa = PBXFileReference; lastKnownFileType = sourcecode.swift; path = HTFilterViewController.swift; sourceTree = "<group>"; };
		5D02761F210160F400E5ED6A /* HTNewsTableViewController.swift */ = {isa = PBXFileReference; lastKnownFileType = sourcecode.swift; path = HTNewsTableViewController.swift; sourceTree = "<group>"; };
		5D02762621078B8500E5ED6A /* Crashlytics.framework */ = {isa = PBXFileReference; lastKnownFileType = wrapper.framework; path = Crashlytics.framework; sourceTree = "<group>"; };
		5D02762721078B8600E5ED6A /* Fabric.framework */ = {isa = PBXFileReference; lastKnownFileType = wrapper.framework; path = Fabric.framework; sourceTree = "<group>"; };
		5D02762A210B826400E5ED6A /* HTVendorTableViewController.swift */ = {isa = PBXFileReference; lastKnownFileType = sourcecode.swift; path = HTVendorTableViewController.swift; sourceTree = "<group>"; };
		5D34252B1AE20F8D003562AE /* HTEventDetailViewController.swift */ = {isa = PBXFileReference; fileEncoding = 4; lastKnownFileType = sourcecode.swift; path = HTEventDetailViewController.swift; sourceTree = "<group>"; };
		5D34252D1AE2B45E003562AE /* HTMyScheduleTableViewController.swift */ = {isa = PBXFileReference; fileEncoding = 4; lastKnownFileType = sourcecode.swift; path = HTMyScheduleTableViewController.swift; sourceTree = "<group>"; };
		5D47A2B120EEB7DD0015401B /* ht2018.xcdatamodel */ = {isa = PBXFileReference; lastKnownFileType = wrapper.xcdatamodel; path = ht2018.xcdatamodel; sourceTree = "<group>"; };
		5D6707EA21161C6F0007F01F /* HTWiFiViewController.swift */ = {isa = PBXFileReference; lastKnownFileType = sourcecode.swift; path = HTWiFiViewController.swift; sourceTree = "<group>"; };
		5D6707F4211787E10007F01F /* AboutCell.swift */ = {isa = PBXFileReference; lastKnownFileType = sourcecode.swift; path = AboutCell.swift; sourceTree = "<group>"; };
		5D6707F5211787E10007F01F /* AboutCell.xib */ = {isa = PBXFileReference; lastKnownFileType = file.xib; path = AboutCell.xib; sourceTree = "<group>"; };
		5D6707FA2118A3980007F01F /* HTSpeakersTableViewController.swift */ = {isa = PBXFileReference; lastKnownFileType = sourcecode.swift; path = HTSpeakersTableViewController.swift; sourceTree = "<group>"; };
		5D6707FC2119059E0007F01F /* HTSpeakerViewController.swift */ = {isa = PBXFileReference; lastKnownFileType = sourcecode.swift; path = HTSpeakerViewController.swift; sourceTree = "<group>"; };
		5D67EBFB20E1CD2F004E5D19 /* Bungee-Regular.ttf */ = {isa = PBXFileReference; lastKnownFileType = file; path = "Bungee-Regular.ttf"; sourceTree = "<group>"; };
		5D67EBFD20E1CFE6004E5D19 /* Larsseit.ttf */ = {isa = PBXFileReference; lastKnownFileType = file; path = Larsseit.ttf; sourceTree = "<group>"; };
		5D67EBFE20E1CFE6004E5D19 /* Larsseit-Bold.ttf */ = {isa = PBXFileReference; lastKnownFileType = file; path = "Larsseit-Bold.ttf"; sourceTree = "<group>"; };
		5DA07C261ADF56EA00611BE8 /* HTScheduleTableViewController.swift */ = {isa = PBXFileReference; fileEncoding = 4; lastKnownFileType = sourcecode.swift; path = HTScheduleTableViewController.swift; sourceTree = "<group>"; };
		5DA268531D06006400249C63 /* LaunchScreen.storyboard */ = {isa = PBXFileReference; fileEncoding = 4; lastKnownFileType = file.storyboard; path = LaunchScreen.storyboard; sourceTree = "<group>"; };
		5DCBAB9922AAFAF1003457C1 /* GoogleService-Info.plist */ = {isa = PBXFileReference; fileEncoding = 4; lastKnownFileType = text.plist.xml; path = "GoogleService-Info.plist"; sourceTree = "<group>"; };
		5DD642591AC3C62300ED3256 /* hackertracker.app */ = {isa = PBXFileReference; explicitFileType = wrapper.application; includeInIndex = 0; path = hackertracker.app; sourceTree = BUILT_PRODUCTS_DIR; };
		5DD6425D1AC3C62300ED3256 /* Info.plist */ = {isa = PBXFileReference; lastKnownFileType = text.plist.xml; path = Info.plist; sourceTree = "<group>"; };
		5DD6425E1AC3C62300ED3256 /* AppDelegate.swift */ = {isa = PBXFileReference; lastKnownFileType = sourcecode.swift; path = AppDelegate.swift; sourceTree = "<group>"; };
		5DD642661AC3C62300ED3256 /* Base */ = {isa = PBXFileReference; lastKnownFileType = file.storyboard; name = Base; path = Base.lproj/Main.storyboard; sourceTree = "<group>"; };
		5DD642681AC3C62300ED3256 /* Images.xcassets */ = {isa = PBXFileReference; lastKnownFileType = folder.assetcatalog; path = Images.xcassets; sourceTree = "<group>"; };
		5DD642711AC3C62300ED3256 /* hackertrackerTests.xctest */ = {isa = PBXFileReference; explicitFileType = wrapper.cfbundle; includeInIndex = 0; path = hackertrackerTests.xctest; sourceTree = BUILT_PRODUCTS_DIR; };
		5DD642761AC3C62300ED3256 /* Info.plist */ = {isa = PBXFileReference; lastKnownFileType = text.plist.xml; path = Info.plist; sourceTree = "<group>"; };
		5DD642771AC3C62300ED3256 /* hackertrackerTests.swift */ = {isa = PBXFileReference; lastKnownFileType = sourcecode.swift; path = hackertrackerTests.swift; sourceTree = "<group>"; };
		5DDD629620F2A73800E527C5 /* HTConferenceTableViewController.swift */ = {isa = PBXFileReference; lastKnownFileType = sourcecode.swift; path = HTConferenceTableViewController.swift; sourceTree = "<group>"; };
		5DDD629C20F3F6C300E527C5 /* ConferenceCell.swift */ = {isa = PBXFileReference; lastKnownFileType = sourcecode.swift; path = ConferenceCell.swift; sourceTree = "<group>"; };
		5DDD629E20F7A96200E527C5 /* HTFAQTableViewController.swift */ = {isa = PBXFileReference; lastKnownFileType = sourcecode.swift; path = HTFAQTableViewController.swift; sourceTree = "<group>"; };
		5DE7B4091ACA454C00F8A655 /* HTInitViewController.swift */ = {isa = PBXFileReference; fileEncoding = 4; lastKnownFileType = sourcecode.swift; path = HTInitViewController.swift; sourceTree = "<group>"; };
		5DE7B40B1ACA485D00F8A655 /* HTUpdatesViewController.swift */ = {isa = PBXFileReference; fileEncoding = 4; lastKnownFileType = sourcecode.swift; path = HTUpdatesViewController.swift; sourceTree = "<group>"; };
		5DE7B40D1ACA4FFE00F8A655 /* HTHomeTabBarController.swift */ = {isa = PBXFileReference; fileEncoding = 4; lastKnownFileType = sourcecode.swift; path = HTHomeTabBarController.swift; sourceTree = "<group>"; };
		5DE9038A1B01B32E00A2D565 /* HTMapsViewController.swift */ = {isa = PBXFileReference; fileEncoding = 4; lastKnownFileType = sourcecode.swift; path = HTMapsViewController.swift; sourceTree = "<group>"; };
		5DFB87BE1B30BBF10083604C /* Connections.plist */ = {isa = PBXFileReference; fileEncoding = 4; lastKnownFileType = text.plist.xml; path = Connections.plist; sourceTree = "<group>"; };
		7820245C1F05B7CE0092ED07 /* cert.der */ = {isa = PBXFileReference; lastKnownFileType = file; path = cert.der; sourceTree = "<group>"; };
		7820245E1F05FA490092ED07 /* HTSearchTableViewController.swift */ = {isa = PBXFileReference; fileEncoding = 4; lastKnownFileType = sourcecode.swift; path = HTSearchTableViewController.swift; sourceTree = "<group>"; };
		786FBC311EBD1127004F7A5F /* HTEventsNavViewController.swift */ = {isa = PBXFileReference; fileEncoding = 4; lastKnownFileType = sourcecode.swift; path = HTEventsNavViewController.swift; sourceTree = "<group>"; };
		78C72FAA1F1869F100AFC0B6 /* Furore.otf */ = {isa = PBXFileReference; lastKnownFileType = file; path = Furore.otf; sourceTree = "<group>"; };
		78F5F5361EEE35DD00560B81 /* ScheduleHelper.swift */ = {isa = PBXFileReference; fileEncoding = 4; lastKnownFileType = sourcecode.swift; path = ScheduleHelper.swift; sourceTree = "<group>"; };
		7A0EDEDE86FED966C308674E /* Pods-hackertracker.debug.xcconfig */ = {isa = PBXFileReference; includeInIndex = 1; lastKnownFileType = text.xcconfig; name = "Pods-hackertracker.debug.xcconfig"; path = "Pods/Target Support Files/Pods-hackertracker/Pods-hackertracker.debug.xcconfig"; sourceTree = "<group>"; };
		7DAA20A085F20D1BE409030D /* Pods_hackertracker.framework */ = {isa = PBXFileReference; explicitFileType = wrapper.framework; includeInIndex = 0; path = Pods_hackertracker.framework; sourceTree = BUILT_PRODUCTS_DIR; };
		8315ED1A1F18222E001F2DA8 /* ScheduleEmptyStateView.swift */ = {isa = PBXFileReference; fileEncoding = 4; lastKnownFileType = sourcecode.swift; name = ScheduleEmptyStateView.swift; path = Views/ScheduleEmptyStateView.swift; sourceTree = "<group>"; };
		8315ED1C1F1822AF001F2DA8 /* ScheduleEmptyStateView.xib */ = {isa = PBXFileReference; fileEncoding = 4; lastKnownFileType = file.xib; path = ScheduleEmptyStateView.xib; sourceTree = "<group>"; };
		8315ED1E1F18F0C2001F2DA8 /* EventCell.xib */ = {isa = PBXFileReference; fileEncoding = 4; lastKnownFileType = file.xib; name = EventCell.xib; path = Views/EventCell.xib; sourceTree = "<group>"; };
		8345F2CB1F0F0C81006761BE /* WebKit.framework */ = {isa = PBXFileReference; lastKnownFileType = wrapper.framework; name = WebKit.framework; path = System/Library/Frameworks/WebKit.framework; sourceTree = SDKROOT; };
		8345F2D21F1297D4006761BE /* MapLocationView.swift */ = {isa = PBXFileReference; fileEncoding = 4; lastKnownFileType = sourcecode.swift; path = MapLocationView.swift; sourceTree = "<group>"; };
		8345F2D51F15BDA3006761BE /* DataImportManager.swift */ = {isa = PBXFileReference; fileEncoding = 4; lastKnownFileType = sourcecode.swift; path = DataImportManager.swift; sourceTree = "<group>"; };
		834713D31F17113C0092C2FE /* DataRequestManager.swift */ = {isa = PBXFileReference; fileEncoding = 4; lastKnownFileType = sourcecode.swift; path = DataRequestManager.swift; sourceTree = "<group>"; };
		834713D51F1818240092C2FE /* EventDateHeaderView.swift */ = {isa = PBXFileReference; fileEncoding = 4; lastKnownFileType = sourcecode.swift; name = EventDateHeaderView.swift; path = Views/EventDateHeaderView.swift; sourceTree = "<group>"; };
		83679CE3210CED71000CADE4 /* HTHamburgerMenuViewController.swift */ = {isa = PBXFileReference; lastKnownFileType = sourcecode.swift; path = HTHamburgerMenuViewController.swift; sourceTree = "<group>"; };
		83679CE6210CF5F7000CADE4 /* HTHamburgerMenuTableViewController.swift */ = {isa = PBXFileReference; lastKnownFileType = sourcecode.swift; path = HTHamburgerMenuTableViewController.swift; sourceTree = "<group>"; };
		83679CE8210CFB9A000CADE4 /* HTHamburgerHeaderTableViewCell.swift */ = {isa = PBXFileReference; lastKnownFileType = sourcecode.swift; path = HTHamburgerHeaderTableViewCell.swift; sourceTree = "<group>"; };
		83679CE9210CFB9A000CADE4 /* HTHamburgerHeaderTableViewCell.xib */ = {isa = PBXFileReference; lastKnownFileType = file.xib; path = HTHamburgerHeaderTableViewCell.xib; sourceTree = "<group>"; };
		83679CEC210CFD24000CADE4 /* HTHamburgerItemTableViewCell.swift */ = {isa = PBXFileReference; lastKnownFileType = sourcecode.swift; path = HTHamburgerItemTableViewCell.swift; sourceTree = "<group>"; };
		83679CED210CFD24000CADE4 /* HTHamburgerItemTableViewCell.xib */ = {isa = PBXFileReference; lastKnownFileType = file.xib; path = HTHamburgerItemTableViewCell.xib; sourceTree = "<group>"; };
		83AAA58D1EDF939A00139C1D /* hackertracker-Bridging-Header.h */ = {isa = PBXFileReference; lastKnownFileType = sourcecode.c.h; path = "hackertracker-Bridging-Header.h"; sourceTree = "<group>"; };
		83B0F8411F19A673006493A6 /* SafariServices.framework */ = {isa = PBXFileReference; lastKnownFileType = wrapper.framework; name = SafariServices.framework; path = System/Library/Frameworks/SafariServices.framework; sourceTree = SDKROOT; };
		83B0F8441F19BA07006493A6 /* CGPDFDocument.h */ = {isa = PBXFileReference; fileEncoding = 4; lastKnownFileType = sourcecode.c.h; path = CGPDFDocument.h; sourceTree = "<group>"; };
		83B0F8451F19BA07006493A6 /* CGPDFDocument.m */ = {isa = PBXFileReference; fileEncoding = 4; lastKnownFileType = sourcecode.c.objc; path = CGPDFDocument.m; sourceTree = "<group>"; };
		83B0F8461F19BA07006493A6 /* ReaderConstants.h */ = {isa = PBXFileReference; fileEncoding = 4; lastKnownFileType = sourcecode.c.h; path = ReaderConstants.h; sourceTree = "<group>"; };
		83B0F8471F19BA07006493A6 /* ReaderConstants.m */ = {isa = PBXFileReference; fileEncoding = 4; lastKnownFileType = sourcecode.c.objc; path = ReaderConstants.m; sourceTree = "<group>"; };
		83B0F8481F19BA07006493A6 /* ReaderContentPage.h */ = {isa = PBXFileReference; fileEncoding = 4; lastKnownFileType = sourcecode.c.h; path = ReaderContentPage.h; sourceTree = "<group>"; };
		83B0F8491F19BA07006493A6 /* ReaderContentPage.m */ = {isa = PBXFileReference; fileEncoding = 4; lastKnownFileType = sourcecode.c.objc; path = ReaderContentPage.m; sourceTree = "<group>"; };
		83B0F84A1F19BA07006493A6 /* ReaderContentTile.h */ = {isa = PBXFileReference; fileEncoding = 4; lastKnownFileType = sourcecode.c.h; path = ReaderContentTile.h; sourceTree = "<group>"; };
		83B0F84B1F19BA07006493A6 /* ReaderContentTile.m */ = {isa = PBXFileReference; fileEncoding = 4; lastKnownFileType = sourcecode.c.objc; path = ReaderContentTile.m; sourceTree = "<group>"; };
		83B0F84C1F19BA07006493A6 /* ReaderContentView.h */ = {isa = PBXFileReference; fileEncoding = 4; lastKnownFileType = sourcecode.c.h; path = ReaderContentView.h; sourceTree = "<group>"; };
		83B0F84D1F19BA07006493A6 /* ReaderContentView.m */ = {isa = PBXFileReference; fileEncoding = 4; lastKnownFileType = sourcecode.c.objc; path = ReaderContentView.m; sourceTree = "<group>"; };
		83B0F8531F19BA1B006493A6 /* QuartzCore.framework */ = {isa = PBXFileReference; lastKnownFileType = wrapper.framework; name = QuartzCore.framework; path = System/Library/Frameworks/QuartzCore.framework; sourceTree = SDKROOT; };
		83B0F85B1F1A7490006493A6 /* ReaderThumbView.h */ = {isa = PBXFileReference; fileEncoding = 4; lastKnownFileType = sourcecode.c.h; path = ReaderThumbView.h; sourceTree = "<group>"; };
		83B0F85C1F1A7490006493A6 /* ReaderThumbView.m */ = {isa = PBXFileReference; fileEncoding = 4; lastKnownFileType = sourcecode.c.objc; path = ReaderThumbView.m; sourceTree = "<group>"; };
		83B0F85E1F1A74E4006493A6 /* LICENSE.md */ = {isa = PBXFileReference; fileEncoding = 4; lastKnownFileType = net.daringfireball.markdown; path = LICENSE.md; sourceTree = "<group>"; };
		83E74C391ED7AB580078E5FB /* UpdateCell.swift */ = {isa = PBXFileReference; fileEncoding = 4; lastKnownFileType = sourcecode.swift; path = UpdateCell.swift; sourceTree = "<group>"; };
		83E74C3A1ED7AB580078E5FB /* UpdateCell.xib */ = {isa = PBXFileReference; fileEncoding = 4; lastKnownFileType = file.xib; path = UpdateCell.xib; sourceTree = "<group>"; };
		8B924A8880B54182A6446BF1 /* Pods_hackertrackerTests.framework */ = {isa = PBXFileReference; explicitFileType = wrapper.framework; includeInIndex = 0; path = Pods_hackertrackerTests.framework; sourceTree = BUILT_PRODUCTS_DIR; };
		B2E8240619E30EF7A3D6816A /* Pods-hackertracker.release.xcconfig */ = {isa = PBXFileReference; includeInIndex = 1; lastKnownFileType = text.xcconfig; name = "Pods-hackertracker.release.xcconfig"; path = "Pods/Target Support Files/Pods-hackertracker/Pods-hackertracker.release.xcconfig"; sourceTree = "<group>"; };
		B5449CAE1F1ADE97003DE448 /* HTEmptyDetailViewController.swift */ = {isa = PBXFileReference; fileEncoding = 4; lastKnownFileType = sourcecode.swift; path = HTEmptyDetailViewController.swift; sourceTree = "<group>"; };
		B5449CB01F1AE23C003DE448 /* HTSplitViewController.swift */ = {isa = PBXFileReference; fileEncoding = 4; lastKnownFileType = sourcecode.swift; path = HTSplitViewController.swift; sourceTree = "<group>"; };
		B552AC891F2084D4006D4F98 /* PongScene.swift */ = {isa = PBXFileReference; fileEncoding = 4; lastKnownFileType = sourcecode.swift; path = PongScene.swift; sourceTree = "<group>"; };
		B568B64A1F1F3A740092CE4A /* SpriteKit.framework */ = {isa = PBXFileReference; lastKnownFileType = wrapper.framework; name = SpriteKit.framework; path = System/Library/Frameworks/SpriteKit.framework; sourceTree = SDKROOT; };
		B568B6641F1F3FAB0092CE4A /* scene.sks */ = {isa = PBXFileReference; lastKnownFileType = file.sks; path = scene.sks; sourceTree = "<group>"; };
		B5A9F7521F17307800EDC6FE /* Animation.swift */ = {isa = PBXFileReference; fileEncoding = 4; lastKnownFileType = sourcecode.swift; path = Animation.swift; sourceTree = "<group>"; };
		ED397C5AF8CCBCF2CEDCFB65 /* Pods-hackertrackerTests.debug.xcconfig */ = {isa = PBXFileReference; includeInIndex = 1; lastKnownFileType = text.xcconfig; name = "Pods-hackertrackerTests.debug.xcconfig"; path = "Pods/Target Support Files/Pods-hackertrackerTests/Pods-hackertrackerTests.debug.xcconfig"; sourceTree = "<group>"; };
/* End PBXFileReference section */

/* Begin PBXFrameworksBuildPhase section */
		5DD642561AC3C62300ED3256 /* Frameworks */ = {
			isa = PBXFrameworksBuildPhase;
			buildActionMask = 2147483647;
			files = (
				B552AC8B1F2084ED006D4F98 /* SpriteKit.framework in Frameworks */,
				5D02762821078B8600E5ED6A /* Crashlytics.framework in Frameworks */,
				83B0F8541F19BA1B006493A6 /* QuartzCore.framework in Frameworks */,
				83B0F8421F19A673006493A6 /* SafariServices.framework in Frameworks */,
				5D02762921078B8600E5ED6A /* Fabric.framework in Frameworks */,
				60A6D390A580651F9617539B /* Pods_hackertracker.framework in Frameworks */,
			);
			runOnlyForDeploymentPostprocessing = 0;
		};
		5DD6426E1AC3C62300ED3256 /* Frameworks */ = {
			isa = PBXFrameworksBuildPhase;
			buildActionMask = 2147483647;
			files = (
				E90004504F2D025BE8F5E963 /* Pods_hackertrackerTests.framework in Frameworks */,
			);
			runOnlyForDeploymentPostprocessing = 0;
		};
/* End PBXFrameworksBuildPhase section */

/* Begin PBXGroup section */
		49730E4C1E2D1A9F0029438C /* Utilities */ = {
			isa = PBXGroup;
			children = (
				B5A9F7521F17307800EDC6FE /* Animation.swift */,
				49730E4F1E2D1E330029438C /* DateFormatterUtility.swift */,
				78F5F5361EEE35DD00560B81 /* ScheduleHelper.swift */,
				49730E4D1E2D1AB50029438C /* Theme.swift */,
			);
			name = Utilities;
			sourceTree = "<group>";
		};
		498AD73E1E2D2BC900DD5B56 /* ViewControllers */ = {
			isa = PBXGroup;
			children = (
				5D6707FC2119059E0007F01F /* HTSpeakerViewController.swift */,
				5D6707FA2118A3980007F01F /* HTSpeakersTableViewController.swift */,
				83AAA58D1EDF939A00139C1D /* hackertracker-Bridging-Header.h */,
				5DDD629620F2A73800E527C5 /* HTConferenceTableViewController.swift */,
				B5449CAE1F1ADE97003DE448 /* HTEmptyDetailViewController.swift */,
				5D34252B1AE20F8D003562AE /* HTEventDetailViewController.swift */,
				786FBC311EBD1127004F7A5F /* HTEventsNavViewController.swift */,
				5DDD629E20F7A96200E527C5 /* HTFAQTableViewController.swift */,
				5D02761520FC0F0600E5ED6A /* HTFilterViewController.swift */,
				5DE7B40D1ACA4FFE00F8A655 /* HTHomeTabBarController.swift */,
				5DE7B4091ACA454C00F8A655 /* HTInitViewController.swift */,
				5DE9038A1B01B32E00A2D565 /* HTMapsViewController.swift */,
				5D34252D1AE2B45E003562AE /* HTMyScheduleTableViewController.swift */,
				5D02761F210160F400E5ED6A /* HTNewsTableViewController.swift */,
				5DA07C261ADF56EA00611BE8 /* HTScheduleTableViewController.swift */,
				7820245E1F05FA490092ED07 /* HTSearchTableViewController.swift */,
				B5449CB01F1AE23C003DE448 /* HTSplitViewController.swift */,
				5DE7B40B1ACA485D00F8A655 /* HTUpdatesViewController.swift */,
				5D02762A210B826400E5ED6A /* HTVendorTableViewController.swift */,
				5D6707EA21161C6F0007F01F /* HTWiFiViewController.swift */,
			);
			name = ViewControllers;
			sourceTree = "<group>";
		};
		498AD73F1E2D2C0400DD5B56 /* Views */ = {
			isa = PBXGroup;
			children = (
				5D6707F4211787E10007F01F /* AboutCell.swift */,
				5D6707F5211787E10007F01F /* AboutCell.xib */,
				5DDD629C20F3F6C300E527C5 /* ConferenceCell.swift */,
				49730E4A1E2929BC0029438C /* EventCell.swift */,
				8315ED1E1F18F0C2001F2DA8 /* EventCell.xib */,
				834713D51F1818240092C2FE /* EventDateHeaderView.swift */,
				8345F2D21F1297D4006761BE /* MapLocationView.swift */,
				B552AC891F2084D4006D4F98 /* PongScene.swift */,
				B568B6641F1F3FAB0092CE4A /* scene.sks */,
				8315ED1A1F18222E001F2DA8 /* ScheduleEmptyStateView.swift */,
				8315ED1C1F1822AF001F2DA8 /* ScheduleEmptyStateView.xib */,
				83E74C391ED7AB580078E5FB /* UpdateCell.swift */,
				83E74C3A1ED7AB580078E5FB /* UpdateCell.xib */,
			);
			name = Views;
			sourceTree = "<group>";
		};
		5DD642501AC3C62300ED3256 = {
			isa = PBXGroup;
			children = (
				5DD6425B1AC3C62300ED3256 /* hackertracker */,
				5DD642741AC3C62300ED3256 /* hackertrackerTests */,
				5DD6425A1AC3C62300ED3256 /* Products */,
				A174866C6E536BB441258156 /* Pods */,
				5DF3D6ACCF616DD9F4C24179 /* Frameworks */,
			);
			sourceTree = "<group>";
		};
		5DD6425A1AC3C62300ED3256 /* Products */ = {
			isa = PBXGroup;
			children = (
				5DD642591AC3C62300ED3256 /* hackertracker.app */,
				5DD642711AC3C62300ED3256 /* hackertrackerTests.xctest */,
			);
			name = Products;
			sourceTree = "<group>";
		};
		5DD6425B1AC3C62300ED3256 /* hackertracker */ = {
			isa = PBXGroup;
			children = (
				83679CE5210CED76000CADE4 /* HamburgerMenu */,
				83B0F8431F19B9D1006493A6 /* PDFViewer */,
				8345F2D41F15BD7B006761BE /* Managers */,
				5DD642651AC3C62300ED3256 /* Main.storyboard */,
				5DD6425E1AC3C62300ED3256 /* AppDelegate.swift */,
				498AD73E1E2D2BC900DD5B56 /* ViewControllers */,
				49730E4C1E2D1A9F0029438C /* Utilities */,
				498AD73F1E2D2C0400DD5B56 /* Views */,
				5DD642681AC3C62300ED3256 /* Images.xcassets */,
				5D47A2B020EEB7DD0015401B /* ht2018.xcdatamodeld */,
				5DD6425C1AC3C62300ED3256 /* Supporting Files */,
				5DA268531D06006400249C63 /* LaunchScreen.storyboard */,
			);
			path = hackertracker;
			sourceTree = "<group>";
		};
		5DD6425C1AC3C62300ED3256 /* Supporting Files */ = {
			isa = PBXGroup;
			children = (
				5D67EBFB20E1CD2F004E5D19 /* Bungee-Regular.ttf */,
				7820245C1F05B7CE0092ED07 /* cert.der */,
				5DFB87BE1B30BBF10083604C /* Connections.plist */,
				78C72FAA1F1869F100AFC0B6 /* Furore.otf */,
				5DCBAB9922AAFAF1003457C1 /* GoogleService-Info.plist */,
				5DD6425D1AC3C62300ED3256 /* Info.plist */,
				5D67EBFE20E1CFE6004E5D19 /* Larsseit-Bold.ttf */,
				5D67EBFD20E1CFE6004E5D19 /* Larsseit.ttf */,
			);
			name = "Supporting Files";
			sourceTree = "<group>";
		};
		5DD642741AC3C62300ED3256 /* hackertrackerTests */ = {
			isa = PBXGroup;
			children = (
				5DD642771AC3C62300ED3256 /* hackertrackerTests.swift */,
				5DD642751AC3C62300ED3256 /* Supporting Files */,
			);
			path = hackertrackerTests;
			sourceTree = "<group>";
		};
		5DD642751AC3C62300ED3256 /* Supporting Files */ = {
			isa = PBXGroup;
			children = (
				5DD642761AC3C62300ED3256 /* Info.plist */,
			);
			name = "Supporting Files";
			sourceTree = "<group>";
		};
		5DF3D6ACCF616DD9F4C24179 /* Frameworks */ = {
			isa = PBXGroup;
			children = (
				5D02762621078B8500E5ED6A /* Crashlytics.framework */,
				5D02762721078B8600E5ED6A /* Fabric.framework */,
				B568B64A1F1F3A740092CE4A /* SpriteKit.framework */,
				83B0F8531F19BA1B006493A6 /* QuartzCore.framework */,
				83B0F8411F19A673006493A6 /* SafariServices.framework */,
				8345F2CB1F0F0C81006761BE /* WebKit.framework */,
				7DAA20A085F20D1BE409030D /* Pods_hackertracker.framework */,
				8B924A8880B54182A6446BF1 /* Pods_hackertrackerTests.framework */,
			);
			name = Frameworks;
			sourceTree = "<group>";
		};
		8345F2D41F15BD7B006761BE /* Managers */ = {
			isa = PBXGroup;
			children = (
				8345F2D51F15BDA3006761BE /* DataImportManager.swift */,
				834713D31F17113C0092C2FE /* DataRequestManager.swift */,
			);
			path = Managers;
			sourceTree = "<group>";
		};
		83679CE5210CED76000CADE4 /* HamburgerMenu */ = {
			isa = PBXGroup;
			children = (
				83679CE3210CED71000CADE4 /* HTHamburgerMenuViewController.swift */,
				83679CE6210CF5F7000CADE4 /* HTHamburgerMenuTableViewController.swift */,
				83679CE8210CFB9A000CADE4 /* HTHamburgerHeaderTableViewCell.swift */,
				83679CE9210CFB9A000CADE4 /* HTHamburgerHeaderTableViewCell.xib */,
				83679CEC210CFD24000CADE4 /* HTHamburgerItemTableViewCell.swift */,
				83679CED210CFD24000CADE4 /* HTHamburgerItemTableViewCell.xib */,
			);
			name = HamburgerMenu;
			sourceTree = "<group>";
		};
		83B0F8431F19B9D1006493A6 /* PDFViewer */ = {
			isa = PBXGroup;
			children = (
				83B0F85E1F1A74E4006493A6 /* LICENSE.md */,
				83B0F8441F19BA07006493A6 /* CGPDFDocument.h */,
				83B0F8451F19BA07006493A6 /* CGPDFDocument.m */,
				83B0F8461F19BA07006493A6 /* ReaderConstants.h */,
				83B0F8471F19BA07006493A6 /* ReaderConstants.m */,
				83B0F8481F19BA07006493A6 /* ReaderContentPage.h */,
				83B0F8491F19BA07006493A6 /* ReaderContentPage.m */,
				83B0F84A1F19BA07006493A6 /* ReaderContentTile.h */,
				83B0F84B1F19BA07006493A6 /* ReaderContentTile.m */,
				83B0F84C1F19BA07006493A6 /* ReaderContentView.h */,
				83B0F84D1F19BA07006493A6 /* ReaderContentView.m */,
				83B0F85B1F1A7490006493A6 /* ReaderThumbView.h */,
				83B0F85C1F1A7490006493A6 /* ReaderThumbView.m */,
			);
			path = PDFViewer;
			sourceTree = "<group>";
		};
		A174866C6E536BB441258156 /* Pods */ = {
			isa = PBXGroup;
			children = (
				7A0EDEDE86FED966C308674E /* Pods-hackertracker.debug.xcconfig */,
				B2E8240619E30EF7A3D6816A /* Pods-hackertracker.release.xcconfig */,
				ED397C5AF8CCBCF2CEDCFB65 /* Pods-hackertrackerTests.debug.xcconfig */,
				4A297DEF49BFDC47D04261A0 /* Pods-hackertrackerTests.release.xcconfig */,
			);
			name = Pods;
			sourceTree = "<group>";
		};
/* End PBXGroup section */

/* Begin PBXNativeTarget section */
		5DD642581AC3C62300ED3256 /* hackertracker */ = {
			isa = PBXNativeTarget;
			buildConfigurationList = 5DD6427B1AC3C62300ED3256 /* Build configuration list for PBXNativeTarget "hackertracker" */;
			buildPhases = (
				EE9EF6DF4C6A5B30F5B8CA3E /* [CP] Check Pods Manifest.lock */,
				5DD642551AC3C62300ED3256 /* Sources */,
				5DD642561AC3C62300ED3256 /* Frameworks */,
				5DD642571AC3C62300ED3256 /* Resources */,
				5D53FCD71B02A09A006653B1 /* Embed App Extensions */,
				4A36C6E56B194E36AB7DB904 /* [CP] Embed Pods Frameworks */,
				5D02762121078A9300E5ED6A /* ShellScript */,
			);
			buildRules = (
			);
			dependencies = (
			);
			name = hackertracker;
			productName = hackertracker;
			productReference = 5DD642591AC3C62300ED3256 /* hackertracker.app */;
			productType = "com.apple.product-type.application";
		};
		5DD642701AC3C62300ED3256 /* hackertrackerTests */ = {
			isa = PBXNativeTarget;
			buildConfigurationList = 5DD6427E1AC3C62300ED3256 /* Build configuration list for PBXNativeTarget "hackertrackerTests" */;
			buildPhases = (
				3273191B883644AD302B8729 /* [CP] Check Pods Manifest.lock */,
				5DD6426D1AC3C62300ED3256 /* Sources */,
				5DD6426E1AC3C62300ED3256 /* Frameworks */,
				5DD6426F1AC3C62300ED3256 /* Resources */,
			);
			buildRules = (
			);
			dependencies = (
				5DD642731AC3C62300ED3256 /* PBXTargetDependency */,
			);
			name = hackertrackerTests;
			productName = hackertrackerTests;
			productReference = 5DD642711AC3C62300ED3256 /* hackertrackerTests.xctest */;
			productType = "com.apple.product-type.bundle.unit-test";
		};
/* End PBXNativeTarget section */

/* Begin PBXProject section */
		5DD642511AC3C62300ED3256 /* Project object */ = {
			isa = PBXProject;
			attributes = {
				LastSwiftMigration = 0730;
				LastSwiftUpdateCheck = 0730;
				LastUpgradeCheck = 0940;
				ORGANIZATIONNAME = "Beezle Labs";
				TargetAttributes = {
					5DD642581AC3C62300ED3256 = {
						CreatedOnToolsVersion = 6.2;
						DevelopmentTeam = MJ97FDMT75;
						LastSwiftMigration = 1020;
						ProvisioningStyle = Automatic;
					};
					5DD642701AC3C62300ED3256 = {
						CreatedOnToolsVersion = 6.2;
						DevelopmentTeam = MJ97FDMT75;
						LastSwiftMigration = 1020;
						TestTargetID = 5DD642581AC3C62300ED3256;
					};
				};
			};
			buildConfigurationList = 5DD642541AC3C62300ED3256 /* Build configuration list for PBXProject "hackertracker" */;
			compatibilityVersion = "Xcode 3.2";
			developmentRegion = English;
			hasScannedForEncodings = 0;
			knownRegions = (
				English,
				en,
				Base,
			);
			mainGroup = 5DD642501AC3C62300ED3256;
			productRefGroup = 5DD6425A1AC3C62300ED3256 /* Products */;
			projectDirPath = "";
			projectRoot = "";
			targets = (
				5DD642581AC3C62300ED3256 /* hackertracker */,
				5DD642701AC3C62300ED3256 /* hackertrackerTests */,
			);
		};
/* End PBXProject section */

/* Begin PBXResourcesBuildPhase section */
		5DD642571AC3C62300ED3256 /* Resources */ = {
			isa = PBXResourcesBuildPhase;
			buildActionMask = 2147483647;
			files = (
				78C72FAB1F1869F100AFC0B6 /* Furore.otf in Resources */,
				8315ED1D1F1822AF001F2DA8 /* ScheduleEmptyStateView.xib in Resources */,
				5DD642671AC3C62300ED3256 /* Main.storyboard in Resources */,
				83679CEF210CFD24000CADE4 /* HTHamburgerItemTableViewCell.xib in Resources */,
				5D67EBFC20E1CD30004E5D19 /* Bungee-Regular.ttf in Resources */,
				5DCBAB9A22AAFAF1003457C1 /* GoogleService-Info.plist in Resources */,
				5D67EC0020E1CFE6004E5D19 /* Larsseit-Bold.ttf in Resources */,
				B552ACAA1F243F6C006D4F98 /* scene.sks in Resources */,
				83E74C3C1ED7AB580078E5FB /* UpdateCell.xib in Resources */,
				8315ED1F1F18F0C2001F2DA8 /* EventCell.xib in Resources */,
				83679CEB210CFB9A000CADE4 /* HTHamburgerHeaderTableViewCell.xib in Resources */,
				5DFB87BF1B30BBF10083604C /* Connections.plist in Resources */,
				5DA268541D06006400249C63 /* LaunchScreen.storyboard in Resources */,
				7820245D1F05B7CE0092ED07 /* cert.der in Resources */,
				5D6707F7211787E10007F01F /* AboutCell.xib in Resources */,
				5DD642691AC3C62300ED3256 /* Images.xcassets in Resources */,
				5D67EBFF20E1CFE6004E5D19 /* Larsseit.ttf in Resources */,
			);
			runOnlyForDeploymentPostprocessing = 0;
		};
		5DD6426F1AC3C62300ED3256 /* Resources */ = {
			isa = PBXResourcesBuildPhase;
			buildActionMask = 2147483647;
			files = (
			);
			runOnlyForDeploymentPostprocessing = 0;
		};
/* End PBXResourcesBuildPhase section */

/* Begin PBXShellScriptBuildPhase section */
		3273191B883644AD302B8729 /* [CP] Check Pods Manifest.lock */ = {
			isa = PBXShellScriptBuildPhase;
			buildActionMask = 2147483647;
			files = (
			);
			inputPaths = (
				"${PODS_PODFILE_DIR_PATH}/Podfile.lock",
				"${PODS_ROOT}/Manifest.lock",
			);
			name = "[CP] Check Pods Manifest.lock";
			outputPaths = (
				"$(DERIVED_FILE_DIR)/Pods-hackertrackerTests-checkManifestLockResult.txt",
			);
			runOnlyForDeploymentPostprocessing = 0;
			shellPath = /bin/sh;
			shellScript = "diff \"${PODS_PODFILE_DIR_PATH}/Podfile.lock\" \"${PODS_ROOT}/Manifest.lock\" > /dev/null\nif [ $? != 0 ] ; then\n    # print error to STDERR\n    echo \"error: The sandbox is not in sync with the Podfile.lock. Run 'pod install' or update your CocoaPods installation.\" >&2\n    exit 1\nfi\n# This output is used by Xcode 'outputs' to avoid re-running this script phase.\necho \"SUCCESS\" > \"${SCRIPT_OUTPUT_FILE_0}\"\n";
			showEnvVarsInLog = 0;
		};
		4A36C6E56B194E36AB7DB904 /* [CP] Embed Pods Frameworks */ = {
			isa = PBXShellScriptBuildPhase;
			buildActionMask = 2147483647;
			files = (
			);
			inputPaths = (
				"${PODS_ROOT}/Target Support Files/Pods-hackertracker/Pods-hackertracker-frameworks.sh",
				"${BUILT_PRODUCTS_DIR}/BoringSSL/openssl.framework",
				"${BUILT_PRODUCTS_DIR}/GoogleToolboxForMac/GoogleToolboxForMac.framework",
				"${BUILT_PRODUCTS_DIR}/Protobuf/Protobuf.framework",
				"${BUILT_PRODUCTS_DIR}/gRPC/GRPCClient.framework",
				"${BUILT_PRODUCTS_DIR}/gRPC-Core/grpc.framework",
				"${BUILT_PRODUCTS_DIR}/gRPC-ProtoRPC/ProtoRPC.framework",
				"${BUILT_PRODUCTS_DIR}/gRPC-RxLibrary/RxLibrary.framework",
				"${BUILT_PRODUCTS_DIR}/leveldb-library/leveldb.framework",
				"${BUILT_PRODUCTS_DIR}/nanopb/nanopb.framework",
			);
			name = "[CP] Embed Pods Frameworks";
			outputPaths = (
				"${TARGET_BUILD_DIR}/${FRAMEWORKS_FOLDER_PATH}/openssl.framework",
				"${TARGET_BUILD_DIR}/${FRAMEWORKS_FOLDER_PATH}/GoogleToolboxForMac.framework",
				"${TARGET_BUILD_DIR}/${FRAMEWORKS_FOLDER_PATH}/Protobuf.framework",
				"${TARGET_BUILD_DIR}/${FRAMEWORKS_FOLDER_PATH}/GRPCClient.framework",
				"${TARGET_BUILD_DIR}/${FRAMEWORKS_FOLDER_PATH}/grpc.framework",
				"${TARGET_BUILD_DIR}/${FRAMEWORKS_FOLDER_PATH}/ProtoRPC.framework",
				"${TARGET_BUILD_DIR}/${FRAMEWORKS_FOLDER_PATH}/RxLibrary.framework",
				"${TARGET_BUILD_DIR}/${FRAMEWORKS_FOLDER_PATH}/leveldb.framework",
				"${TARGET_BUILD_DIR}/${FRAMEWORKS_FOLDER_PATH}/nanopb.framework",
			);
			runOnlyForDeploymentPostprocessing = 0;
			shellPath = /bin/sh;
			shellScript = "\"${PODS_ROOT}/Target Support Files/Pods-hackertracker/Pods-hackertracker-frameworks.sh\"\n";
			showEnvVarsInLog = 0;
		};
		5D02762121078A9300E5ED6A /* ShellScript */ = {
			isa = PBXShellScriptBuildPhase;
			buildActionMask = 2147483647;
			files = (
			);
			inputPaths = (
			);
			outputPaths = (
			);
			runOnlyForDeploymentPostprocessing = 0;
			shellPath = /bin/sh;
			shellScript = "./Fabric.framework/run 8905e29d4c9f8eb7baf966d4a30d17bbaadd563e ab87bc8855f8a89d411b1d18b3904bfd40d2a99b930ddc003b22fe7f3eca7c32";
		};
		EE9EF6DF4C6A5B30F5B8CA3E /* [CP] Check Pods Manifest.lock */ = {
			isa = PBXShellScriptBuildPhase;
			buildActionMask = 2147483647;
			files = (
			);
			inputPaths = (
				"${PODS_PODFILE_DIR_PATH}/Podfile.lock",
				"${PODS_ROOT}/Manifest.lock",
			);
			name = "[CP] Check Pods Manifest.lock";
			outputPaths = (
				"$(DERIVED_FILE_DIR)/Pods-hackertracker-checkManifestLockResult.txt",
			);
			runOnlyForDeploymentPostprocessing = 0;
			shellPath = /bin/sh;
			shellScript = "diff \"${PODS_PODFILE_DIR_PATH}/Podfile.lock\" \"${PODS_ROOT}/Manifest.lock\" > /dev/null\nif [ $? != 0 ] ; then\n    # print error to STDERR\n    echo \"error: The sandbox is not in sync with the Podfile.lock. Run 'pod install' or update your CocoaPods installation.\" >&2\n    exit 1\nfi\n# This output is used by Xcode 'outputs' to avoid re-running this script phase.\necho \"SUCCESS\" > \"${SCRIPT_OUTPUT_FILE_0}\"\n";
			showEnvVarsInLog = 0;
		};
/* End PBXShellScriptBuildPhase section */

/* Begin PBXSourcesBuildPhase section */
		5DD642551AC3C62300ED3256 /* Sources */ = {
			isa = PBXSourcesBuildPhase;
			buildActionMask = 2147483647;
			files = (
				5DA07C271ADF56EA00611BE8 /* HTScheduleTableViewController.swift in Sources */,
				5D47A2B220EEB7DD0015401B /* ht2018.xcdatamodeld in Sources */,
				5D6707F6211787E10007F01F /* AboutCell.swift in Sources */,
				5DE7B40A1ACA454C00F8A655 /* HTInitViewController.swift in Sources */,
				834713D41F17113C0092C2FE /* DataRequestManager.swift in Sources */,
				5D027620210160F400E5ED6A /* HTNewsTableViewController.swift in Sources */,
				B5449CB11F1AE23C003DE448 /* HTSplitViewController.swift in Sources */,
				5D34252C1AE20F8D003562AE /* HTEventDetailViewController.swift in Sources */,
				5D02762B210B826400E5ED6A /* HTVendorTableViewController.swift in Sources */,
				78F5F5371EEE35DD00560B81 /* ScheduleHelper.swift in Sources */,
				83679CE7210CF5F7000CADE4 /* HTHamburgerMenuTableViewController.swift in Sources */,
				83B0F8511F19BA07006493A6 /* ReaderContentTile.m in Sources */,
				49730E501E2D1E330029438C /* DateFormatterUtility.swift in Sources */,
				83679CE4210CED71000CADE4 /* HTHamburgerMenuViewController.swift in Sources */,
				83B0F84E1F19BA07006493A6 /* CGPDFDocument.m in Sources */,
				5DE7B40E1ACA4FFE00F8A655 /* HTHomeTabBarController.swift in Sources */,
				5DDD629D20F3F6C300E527C5 /* ConferenceCell.swift in Sources */,
				5D34252E1AE2B45E003562AE /* HTMyScheduleTableViewController.swift in Sources */,
				5DE7B40C1ACA485D00F8A655 /* HTUpdatesViewController.swift in Sources */,
				5DE9038B1B01B32E00A2D565 /* HTMapsViewController.swift in Sources */,
				49730E4B1E2929BC0029438C /* EventCell.swift in Sources */,
				B5449CAF1F1ADE97003DE448 /* HTEmptyDetailViewController.swift in Sources */,
				8345F2D61F15BDA3006761BE /* DataImportManager.swift in Sources */,
				83679CEA210CFB9A000CADE4 /* HTHamburgerHeaderTableViewCell.swift in Sources */,
				8345F2D31F1297D4006761BE /* MapLocationView.swift in Sources */,
				83B0F85D1F1A7490006493A6 /* ReaderThumbView.m in Sources */,
				83B0F84F1F19BA07006493A6 /* ReaderConstants.m in Sources */,
				786FBC321EBD1127004F7A5F /* HTEventsNavViewController.swift in Sources */,
				5D6707EB21161C6F0007F01F /* HTWiFiViewController.swift in Sources */,
				834713D61F1818240092C2FE /* EventDateHeaderView.swift in Sources */,
				83B0F8501F19BA07006493A6 /* ReaderContentPage.m in Sources */,
				83B0F85F1F1A74E4006493A6 /* LICENSE.md in Sources */,
				B552AC8A1F2084D4006D4F98 /* PongScene.swift in Sources */,
				8315ED1B1F18222E001F2DA8 /* ScheduleEmptyStateView.swift in Sources */,
				5D6707FB2118A3980007F01F /* HTSpeakersTableViewController.swift in Sources */,
				5DD6425F1AC3C62300ED3256 /* AppDelegate.swift in Sources */,
				83679CEE210CFD24000CADE4 /* HTHamburgerItemTableViewCell.swift in Sources */,
				5D02761620FC0F0600E5ED6A /* HTFilterViewController.swift in Sources */,
				83B0F8521F19BA07006493A6 /* ReaderContentView.m in Sources */,
				5DDD629F20F7A96200E527C5 /* HTFAQTableViewController.swift in Sources */,
				83E74C3B1ED7AB580078E5FB /* UpdateCell.swift in Sources */,
				49730E4E1E2D1AB50029438C /* Theme.swift in Sources */,
				B5A9F7531F17307800EDC6FE /* Animation.swift in Sources */,
				5DDD629720F2A73800E527C5 /* HTConferenceTableViewController.swift in Sources */,
				7820245F1F05FA490092ED07 /* HTSearchTableViewController.swift in Sources */,
				5D6707FD2119059E0007F01F /* HTSpeakerViewController.swift in Sources */,
			);
			runOnlyForDeploymentPostprocessing = 0;
		};
		5DD6426D1AC3C62300ED3256 /* Sources */ = {
			isa = PBXSourcesBuildPhase;
			buildActionMask = 2147483647;
			files = (
				5DD642781AC3C62300ED3256 /* hackertrackerTests.swift in Sources */,
			);
			runOnlyForDeploymentPostprocessing = 0;
		};
/* End PBXSourcesBuildPhase section */

/* Begin PBXTargetDependency section */
		5DD642731AC3C62300ED3256 /* PBXTargetDependency */ = {
			isa = PBXTargetDependency;
			target = 5DD642581AC3C62300ED3256 /* hackertracker */;
			targetProxy = 5DD642721AC3C62300ED3256 /* PBXContainerItemProxy */;
		};
/* End PBXTargetDependency section */

/* Begin PBXVariantGroup section */
		5DD642651AC3C62300ED3256 /* Main.storyboard */ = {
			isa = PBXVariantGroup;
			children = (
				5DD642661AC3C62300ED3256 /* Base */,
			);
			name = Main.storyboard;
			sourceTree = "<group>";
		};
/* End PBXVariantGroup section */

/* Begin XCBuildConfiguration section */
		5DD642791AC3C62300ED3256 /* Debug */ = {
			isa = XCBuildConfiguration;
			buildSettings = {
				ALWAYS_SEARCH_USER_PATHS = NO;
				CLANG_CXX_LANGUAGE_STANDARD = "gnu++0x";
				CLANG_CXX_LIBRARY = "libc++";
				CLANG_ENABLE_MODULES = YES;
				CLANG_ENABLE_OBJC_ARC = YES;
				CLANG_WARN_BLOCK_CAPTURE_AUTORELEASING = YES;
				CLANG_WARN_BOOL_CONVERSION = YES;
				CLANG_WARN_COMMA = YES;
				CLANG_WARN_CONSTANT_CONVERSION = YES;
				CLANG_WARN_DEPRECATED_OBJC_IMPLEMENTATIONS = YES;
				CLANG_WARN_DIRECT_OBJC_ISA_USAGE = YES_ERROR;
				CLANG_WARN_EMPTY_BODY = YES;
				CLANG_WARN_ENUM_CONVERSION = YES;
				CLANG_WARN_INFINITE_RECURSION = YES;
				CLANG_WARN_INT_CONVERSION = YES;
				CLANG_WARN_NON_LITERAL_NULL_CONVERSION = YES;
				CLANG_WARN_OBJC_IMPLICIT_RETAIN_SELF = YES;
				CLANG_WARN_OBJC_LITERAL_CONVERSION = YES;
				CLANG_WARN_OBJC_ROOT_CLASS = YES_ERROR;
				CLANG_WARN_RANGE_LOOP_ANALYSIS = YES;
				CLANG_WARN_STRICT_PROTOTYPES = YES;
				CLANG_WARN_SUSPICIOUS_MOVE = YES;
				CLANG_WARN_UNREACHABLE_CODE = YES;
				CLANG_WARN__DUPLICATE_METHOD_MATCH = YES;
				"CODE_SIGN_IDENTITY[sdk=iphoneos*]" = "iPhone Developer";
				COPY_PHASE_STRIP = NO;
				ENABLE_STRICT_OBJC_MSGSEND = YES;
				ENABLE_TESTABILITY = YES;
				GCC_C_LANGUAGE_STANDARD = gnu99;
				GCC_DYNAMIC_NO_PIC = NO;
				GCC_NO_COMMON_BLOCKS = YES;
				GCC_OPTIMIZATION_LEVEL = 0;
				GCC_PREPROCESSOR_DEFINITIONS = (
					"DEBUG=1",
					"$(inherited)",
				);
				GCC_SYMBOLS_PRIVATE_EXTERN = NO;
				GCC_WARN_64_TO_32_BIT_CONVERSION = YES;
				GCC_WARN_ABOUT_RETURN_TYPE = YES_ERROR;
				GCC_WARN_UNDECLARED_SELECTOR = YES;
				GCC_WARN_UNINITIALIZED_AUTOS = YES_AGGRESSIVE;
				GCC_WARN_UNUSED_FUNCTION = YES;
				GCC_WARN_UNUSED_VARIABLE = YES;
				IPHONEOS_DEPLOYMENT_TARGET = 10.0;
				MTL_ENABLE_DEBUG_INFO = YES;
				ONLY_ACTIVE_ARCH = YES;
				SDKROOT = iphoneos;
				SWIFT_OPTIMIZATION_LEVEL = "-Onone";
				TARGETED_DEVICE_FAMILY = "1,2";
			};
			name = Debug;
		};
		5DD6427A1AC3C62300ED3256 /* Release */ = {
			isa = XCBuildConfiguration;
			buildSettings = {
				ALWAYS_SEARCH_USER_PATHS = NO;
				CLANG_CXX_LANGUAGE_STANDARD = "gnu++0x";
				CLANG_CXX_LIBRARY = "libc++";
				CLANG_ENABLE_MODULES = YES;
				CLANG_ENABLE_OBJC_ARC = YES;
				CLANG_WARN_BLOCK_CAPTURE_AUTORELEASING = YES;
				CLANG_WARN_BOOL_CONVERSION = YES;
				CLANG_WARN_COMMA = YES;
				CLANG_WARN_CONSTANT_CONVERSION = YES;
				CLANG_WARN_DEPRECATED_OBJC_IMPLEMENTATIONS = YES;
				CLANG_WARN_DIRECT_OBJC_ISA_USAGE = YES_ERROR;
				CLANG_WARN_EMPTY_BODY = YES;
				CLANG_WARN_ENUM_CONVERSION = YES;
				CLANG_WARN_INFINITE_RECURSION = YES;
				CLANG_WARN_INT_CONVERSION = YES;
				CLANG_WARN_NON_LITERAL_NULL_CONVERSION = YES;
				CLANG_WARN_OBJC_IMPLICIT_RETAIN_SELF = YES;
				CLANG_WARN_OBJC_LITERAL_CONVERSION = YES;
				CLANG_WARN_OBJC_ROOT_CLASS = YES_ERROR;
				CLANG_WARN_RANGE_LOOP_ANALYSIS = YES;
				CLANG_WARN_STRICT_PROTOTYPES = YES;
				CLANG_WARN_SUSPICIOUS_MOVE = YES;
				CLANG_WARN_UNREACHABLE_CODE = YES;
				CLANG_WARN__DUPLICATE_METHOD_MATCH = YES;
				"CODE_SIGN_IDENTITY[sdk=iphoneos*]" = "iPhone Developer";
				COPY_PHASE_STRIP = NO;
				ENABLE_NS_ASSERTIONS = NO;
				ENABLE_STRICT_OBJC_MSGSEND = YES;
				GCC_C_LANGUAGE_STANDARD = gnu99;
				GCC_NO_COMMON_BLOCKS = YES;
				GCC_WARN_64_TO_32_BIT_CONVERSION = YES;
				GCC_WARN_ABOUT_RETURN_TYPE = YES_ERROR;
				GCC_WARN_UNDECLARED_SELECTOR = YES;
				GCC_WARN_UNINITIALIZED_AUTOS = YES_AGGRESSIVE;
				GCC_WARN_UNUSED_FUNCTION = YES;
				GCC_WARN_UNUSED_VARIABLE = YES;
				IPHONEOS_DEPLOYMENT_TARGET = 10.0;
				MTL_ENABLE_DEBUG_INFO = NO;
				SDKROOT = iphoneos;
				SWIFT_OPTIMIZATION_LEVEL = "-Owholemodule";
				TARGETED_DEVICE_FAMILY = "1,2";
				VALIDATE_PRODUCT = YES;
			};
			name = Release;
		};
		5DD6427C1AC3C62300ED3256 /* Debug */ = {
			isa = XCBuildConfiguration;
			baseConfigurationReference = 7A0EDEDE86FED966C308674E /* Pods-hackertracker.debug.xcconfig */;
			buildSettings = {
				ASSETCATALOG_COMPILER_APPICON_NAME = AppIcon;
				ASSETCATALOG_COMPILER_LAUNCHIMAGE_NAME = LaunchImage;
				CLANG_ENABLE_MODULES = YES;
				CODE_SIGN_IDENTITY = "iPhone Developer";
				"CODE_SIGN_IDENTITY[sdk=iphoneos*]" = "iPhone Developer";
				DEVELOPMENT_TEAM = MJ97FDMT75;
				ENABLE_BITCODE = YES;
				FRAMEWORK_SEARCH_PATHS = (
					"$(inherited)",
					"$(PROJECT_DIR)",
				);
				INFOPLIST_FILE = hackertracker/Info.plist;
				IPHONEOS_DEPLOYMENT_TARGET = 10.0;
				LD_RUNPATH_SEARCH_PATHS = "$(inherited) @executable_path/Frameworks";
				PRODUCT_BUNDLE_IDENTIFIER = org.beezle.hackertracker;
				PRODUCT_NAME = "$(TARGET_NAME)";
				PROVISIONING_PROFILE = "";
				PROVISIONING_PROFILE_SPECIFIER = "";
				SWIFT_OBJC_BRIDGING_HEADER = "hackertracker/hackertracker-Bridging-Header.h";
				SWIFT_OPTIMIZATION_LEVEL = "-Onone";
				SWIFT_VERSION = 5.0;
				TARGETED_DEVICE_FAMILY = "1,2";
			};
			name = Debug;
		};
		5DD6427D1AC3C62300ED3256 /* Release */ = {
			isa = XCBuildConfiguration;
			baseConfigurationReference = B2E8240619E30EF7A3D6816A /* Pods-hackertracker.release.xcconfig */;
			buildSettings = {
				ASSETCATALOG_COMPILER_APPICON_NAME = AppIcon;
				ASSETCATALOG_COMPILER_LAUNCHIMAGE_NAME = LaunchImage;
				CLANG_ENABLE_MODULES = YES;
				CODE_SIGN_IDENTITY = "iPhone Developer";
				"CODE_SIGN_IDENTITY[sdk=iphoneos*]" = "iPhone Developer";
				DEVELOPMENT_TEAM = MJ97FDMT75;
				ENABLE_BITCODE = YES;
				FRAMEWORK_SEARCH_PATHS = (
					"$(inherited)",
					"$(PROJECT_DIR)",
				);
				INFOPLIST_FILE = hackertracker/Info.plist;
				IPHONEOS_DEPLOYMENT_TARGET = 10.0;
				LD_RUNPATH_SEARCH_PATHS = "$(inherited) @executable_path/Frameworks";
				PRODUCT_BUNDLE_IDENTIFIER = org.beezle.hackertracker;
				PRODUCT_NAME = "$(TARGET_NAME)";
				PROVISIONING_PROFILE = "";
				PROVISIONING_PROFILE_SPECIFIER = "";
				SWIFT_OBJC_BRIDGING_HEADER = "hackertracker/hackertracker-Bridging-Header.h";
				SWIFT_VERSION = 5.0;
				TARGETED_DEVICE_FAMILY = "1,2";
			};
			name = Release;
		};
		5DD6427F1AC3C62300ED3256 /* Debug */ = {
			isa = XCBuildConfiguration;
			baseConfigurationReference = ED397C5AF8CCBCF2CEDCFB65 /* Pods-hackertrackerTests.debug.xcconfig */;
			buildSettings = {
				BUNDLE_LOADER = "$(TEST_HOST)";
				DEVELOPMENT_TEAM = MJ97FDMT75;
				FRAMEWORK_SEARCH_PATHS = (
					"$(SDKROOT)/Developer/Library/Frameworks",
					"$(inherited)",
				);
				GCC_PREPROCESSOR_DEFINITIONS = (
					"DEBUG=1",
					"$(inherited)",
				);
				INFOPLIST_FILE = hackertrackerTests/Info.plist;
				IPHONEOS_DEPLOYMENT_TARGET = 10.0;
				LD_RUNPATH_SEARCH_PATHS = "$(inherited) @executable_path/Frameworks @loader_path/Frameworks";
				PRODUCT_BUNDLE_IDENTIFIER = "org.beezle.$(PRODUCT_NAME:rfc1034identifier)";
				PRODUCT_NAME = "$(TARGET_NAME)";
				SWIFT_VERSION = 5.0;
				TEST_HOST = "$(BUILT_PRODUCTS_DIR)/hackertracker.app/hackertracker";
			};
			name = Debug;
		};
		5DD642801AC3C62300ED3256 /* Release */ = {
			isa = XCBuildConfiguration;
			baseConfigurationReference = 4A297DEF49BFDC47D04261A0 /* Pods-hackertrackerTests.release.xcconfig */;
			buildSettings = {
				BUNDLE_LOADER = "$(TEST_HOST)";
				DEVELOPMENT_TEAM = MJ97FDMT75;
				FRAMEWORK_SEARCH_PATHS = (
					"$(SDKROOT)/Developer/Library/Frameworks",
					"$(inherited)",
				);
				INFOPLIST_FILE = hackertrackerTests/Info.plist;
				IPHONEOS_DEPLOYMENT_TARGET = 10.0;
				LD_RUNPATH_SEARCH_PATHS = "$(inherited) @executable_path/Frameworks @loader_path/Frameworks";
				PRODUCT_BUNDLE_IDENTIFIER = "org.beezle.$(PRODUCT_NAME:rfc1034identifier)";
				PRODUCT_NAME = "$(TARGET_NAME)";
				SWIFT_VERSION = 5.0;
				TEST_HOST = "$(BUILT_PRODUCTS_DIR)/hackertracker.app/hackertracker";
			};
			name = Release;
		};
/* End XCBuildConfiguration section */

/* Begin XCConfigurationList section */
		5DD642541AC3C62300ED3256 /* Build configuration list for PBXProject "hackertracker" */ = {
			isa = XCConfigurationList;
			buildConfigurations = (
				5DD642791AC3C62300ED3256 /* Debug */,
				5DD6427A1AC3C62300ED3256 /* Release */,
			);
			defaultConfigurationIsVisible = 0;
			defaultConfigurationName = Release;
		};
		5DD6427B1AC3C62300ED3256 /* Build configuration list for PBXNativeTarget "hackertracker" */ = {
			isa = XCConfigurationList;
			buildConfigurations = (
				5DD6427C1AC3C62300ED3256 /* Debug */,
				5DD6427D1AC3C62300ED3256 /* Release */,
			);
			defaultConfigurationIsVisible = 0;
			defaultConfigurationName = Release;
		};
		5DD6427E1AC3C62300ED3256 /* Build configuration list for PBXNativeTarget "hackertrackerTests" */ = {
			isa = XCConfigurationList;
			buildConfigurations = (
				5DD6427F1AC3C62300ED3256 /* Debug */,
				5DD642801AC3C62300ED3256 /* Release */,
			);
			defaultConfigurationIsVisible = 0;
			defaultConfigurationName = Release;
		};
/* End XCConfigurationList section */

/* Begin XCVersionGroup section */
		5D47A2B020EEB7DD0015401B /* ht2018.xcdatamodeld */ = {
			isa = XCVersionGroup;
			children = (
				5D47A2B120EEB7DD0015401B /* ht2018.xcdatamodel */,
			);
			currentVersion = 5D47A2B120EEB7DD0015401B /* ht2018.xcdatamodel */;
			path = ht2018.xcdatamodeld;
			sourceTree = "<group>";
			versionGroupType = wrapper.xcdatamodel;
		};
/* End XCVersionGroup section */
	};
	rootObject = 5DD642511AC3C62300ED3256 /* Project object */;
}
